{
  "nodes": {
    "home-manager": {
      "inputs": {
        "nixpkgs": [
          "nixpkgs"
        ]
      },
      "locked": {
        "lastModified": 1773810247,
        "narHash": "sha256-6Vz1Thy/1s7z+Rq5OfkWOBAdV4eD+OrvDs10yH6xJzQ=",
        "owner": "nix-community",
        "repo": "home-manager",
        "rev": "d47357a4c806d18a3e853ad2699eaec3c01622e7",
        "type": "github"
      },
      "original": {
        "owner": "nix-community",
        "repo": "home-manager",
        "type": "github"
      }
    },
    "my-home": {
      "flake": false,
      "locked": {
        "lastModified": 1773701848,
        "narHash": "sha256-P+FG/fymok5R7o8tKXNHlL0m6dljDOx44cAWKjSxHBU=",
        "path": "/home/gabriel/.config/home-manager",
        "type": "path"
      },
      "original": {
        "path": "/home/gabriel/.config/home-manager",
        "type": "path"
      }
    },
    "my-modules": {
      "flake": false,
      "locked": {
        "lastModified": 1773691483,
        "narHash": "sha256-tSUwXFmc8RWq83aZ/vnfI7ktxN3cYCKSf0AC70Mol2E=",
        "path": "/home/gabriel/.config/modules",
        "type": "path"
      },
      "original": {
        "path": "/home/gabriel/.config/modules",
        "type": "path"
      }
    },
    "nixpkgs": {
      "locked": {
        "lastModified": 1773734432,
        "narHash": "sha256-IF5ppUWh6gHGHYDbtVUyhwy/i7D261P7fWD1bPefOsw=",
        "owner": "nixos",
        "repo": "nixpkgs",
        "rev": "cda48547b432e8d3b18b4180ba07473762ec8558",
        "type": "github"
      },
      "original": {
        "owner": "nixos",
        "ref": "nixos-unstable",
        "repo": "nixpkgs",
        "type": "github"
      }
    },
    "root": {
      "inputs": {
        "home-manager": "home-manager",
        "my-home": "my-home",
        "my-modules": "my-modules",
        "nixpkgs": "nixpkgs"
      }
    }
  },
  "root": "root",
  "version": 7
}
