{
  "nodes": {
    "home-manager": {
      "inputs": {
        "nixpkgs": [
          "nixpkgs"
        ]
      },
      "locked": {
        "lastModified": 1771851181,
        "narHash": "sha256-gFgE6mGUftwseV3DUENMb0k0EiHd739lZexPo5O/sdQ=",
        "owner": "nix-community",
        "repo": "home-manager",
        "rev": "9a4b494b1aa1b93d8edf167f46dc8e0c0011280c",
        "type": "github"
      },
      "original": {
        "owner": "nix-community",
        "repo": "home-manager",
        "type": "github"
      }
    },
    "my-home": {
      "flake": false,
      "locked": {
        "lastModified": 1772042727,
        "narHash": "sha256-TPs0Rj0YUBT5PMWZBtq+MTAL9gZzzqLiae2hOgCtj8c=",
        "path": "/home/gabriel/.config/home-manager",
        "type": "path"
      },
      "original": {
        "path": "/home/gabriel/.config/home-manager",
        "type": "path"
      }
    },
    "my-modules": {
      "flake": false,
      "locked": {
        "lastModified": 1771931046,
        "narHash": "sha256-3XZ7kSaSA3Cn6F2v3ozv4bxA4D6M9OhrPPjjXtzsIcc=",
        "path": "/home/gabriel/.config/modules",
        "type": "path"
      },
      "original": {
        "path": "/home/gabriel/.config/modules",
        "type": "path"
      }
    },
    "nixpkgs": {
      "locked": {
        "lastModified": 1771848320,
        "narHash": "sha256-0MAd+0mun3K/Ns8JATeHT1sX28faLII5hVLq0L3BdZU=",
        "owner": "nixos",
        "repo": "nixpkgs",
        "rev": "2fc6539b481e1d2569f25f8799236694180c0993",
        "type": "github"
      },
      "original": {
        "owner": "nixos",
        "ref": "nixos-unstable",
        "repo": "nixpkgs",
        "type": "github"
      }
    },
    "root": {
      "inputs": {
        "home-manager": "home-manager",
        "my-home": "my-home",
        "my-modules": "my-modules",
        "nixpkgs": "nixpkgs"
      }
    }
  },
  "root": "root",
  "version": 7
}
